{
  "nodes": {
    "connect-cardano-wallet-elm": {
      "inputs": {
        "nixpkgs": "nixpkgs"
      },
      "locked": {
        "lastModified": 1672973738,
        "narHash": "sha256-ueYxTrT6DSo4g3m0uaPdhhWwyB1ss9oINddxD0XRzQA=",
        "path": "/home/jonathan/Documents/connect-cardano-wallet-elm/",
        "type": "path"
      },
      "original": {
        "path": "/home/jonathan/Documents/connect-cardano-wallet-elm/",
        "type": "path"
      }
    },
    "nixpkgs": {
      "locked": {
        "lastModified": 1672756850,
        "narHash": "sha256-Smbq3+fitwA13qsTMeaaurv09/KVbZfW7m7lINwzDGA=",
        "owner": "NixOS",
        "repo": "nixpkgs",
        "rev": "298add347c2bbce14020fcb54051f517c391196b",
        "type": "github"
      },
      "original": {
        "id": "nixpkgs",
        "type": "indirect"
      }
    },
    "nixpkgs_2": {
      "locked": {
        "lastModified": 1672756850,
        "narHash": "sha256-Smbq3+fitwA13qsTMeaaurv09/KVbZfW7m7lINwzDGA=",
        "owner": "NixOS",
        "repo": "nixpkgs",
        "rev": "298add347c2bbce14020fcb54051f517c391196b",
        "type": "github"
      },
      "original": {
        "id": "nixpkgs",
        "type": "indirect"
      }
    },
    "root": {
      "inputs": {
        "connect-cardano-wallet-elm": "connect-cardano-wallet-elm",
        "nixpkgs": "nixpkgs_2"
      }
    }
  },
  "root": "root",
  "version": 7
}
