{
  "nodes": {
    "connect-cardano-wallet-elm": {
      "inputs": {
        "nixpkgs": "nixpkgs"
      },
      "locked": {
        "lastModified": 1674756052,
        "narHash": "sha256-3bVWtm72ydaDDrAu24F16tf6hp43EZv8G9bEZcUFYpg=",
        "path": "/home/jonathan/Documents/connect-cardano-wallet-elm/",
        "type": "path"
      },
      "original": {
        "path": "/home/jonathan/Documents/connect-cardano-wallet-elm/",
        "type": "path"
      }
    },
    "nixpkgs": {
      "locked": {
        "lastModified": 1674487464,
        "narHash": "sha256-Jgq50e4S4JVCYpWLqrabBzDp/1mfaxHCh8/OOorHTy0=",
        "owner": "NixOS",
        "repo": "nixpkgs",
        "rev": "3954218cf613eba8e0dcefa9abe337d26bc48fd0",
        "type": "github"
      },
      "original": {
        "id": "nixpkgs",
        "type": "indirect"
      }
    },
    "nixpkgs_2": {
      "locked": {
        "lastModified": 1674487464,
        "narHash": "sha256-Jgq50e4S4JVCYpWLqrabBzDp/1mfaxHCh8/OOorHTy0=",
        "owner": "NixOS",
        "repo": "nixpkgs",
        "rev": "3954218cf613eba8e0dcefa9abe337d26bc48fd0",
        "type": "github"
      },
      "original": {
        "id": "nixpkgs",
        "type": "indirect"
      }
    },
    "root": {
      "inputs": {
        "connect-cardano-wallet-elm": "connect-cardano-wallet-elm",
        "nixpkgs": "nixpkgs_2"
      }
    }
  },
  "root": "root",
  "version": 7
}
